
Microsoft Visual Studio Solution File, Format Version 12.00
# Visual Studio Version 16
VisualStudioVersion = 16.0.30804.86
MinimumVisualStudioVersion = 10.0.40219.1
Project("{9A19103F-16F7-4668-BE54-9A1E7A4F7556}") = "Project.DataAccess.Tests", "Project.DataAccess.Tests\Project.DataAccess.Tests.csproj", "{67E13F06-2A93-4C6B-8F98-3432B7BFFFAE}"
EndProject
Project("{9A19103F-16F7-4668-BE54-9A1E7A4F7556}") = "Project.DataAccess", "Project.DataAccess\Project.DataAccess.csproj", "{9EAE43BF-E7ED-4062-9060-C8D6B520354C}"
EndProject
Project("{FAE04EC0-301F-11D3-BF4B-00C04F79EFBC}") = "Project.Console", "Project.Console\Project.Console.csproj", "{7E627D19-26BF-4B5E-A830-6D49AD23FA28}"
EndProject
Global
	GlobalSection(SolutionConfigurationPlatforms) = preSolution
		Debug|Any CPU = Debug|Any CPU
		Release|Any CPU = Release|Any CPU
	EndGlobalSection
	GlobalSection(ProjectConfigurationPlatforms) = postSolution
		{67E13F06-2A93-4C6B-8F98-3432B7BFFFAE}.Debug|Any CPU.ActiveCfg = Debug|Any CPU
		{67E13F06-2A93-4C6B-8F98-3432B7BFFFAE}.Debug|Any CPU.Build.0 = Debug|Any CPU
		{67E13F06-2A93-4C6B-8F98-3432B7BFFFAE}.Release|Any CPU.ActiveCfg = Release|Any CPU
		{67E13F06-2A93-4C6B-8F98-3432B7BFFFAE}.Release|Any CPU.Build.0 = Release|Any CPU
		{9EAE43BF-E7ED-4062-9060-C8D6B520354C}.Debug|Any CPU.ActiveCfg = Debug|Any CPU
		{9EAE43BF-E7ED-4062-9060-C8D6B520354C}.Debug|Any CPU.Build.0 = Debug|Any CPU
		{9EAE43BF-E7ED-4062-9060-C8D6B520354C}.Release|Any CPU.ActiveCfg = Release|Any CPU
		{9EAE43BF-E7ED-4062-9060-C8D6B520354C}.Release|Any CPU.Build.0 = Release|Any CPU
		{7E627D19-26BF-4B5E-A830-6D49AD23FA28}.Debug|Any CPU.ActiveCfg = Debug|Any CPU
		{7E627D19-26BF-4B5E-A830-6D49AD23FA28}.Debug|Any CPU.Build.0 = Debug|Any CPU
		{7E627D19-26BF-4B5E-A830-6D49AD23FA28}.Release|Any CPU.ActiveCfg = Release|Any CPU
		{7E627D19-26BF-4B5E-A830-6D49AD23FA28}.Release|Any CPU.Build.0 = Release|Any CPU
	EndGlobalSection
	GlobalSection(SolutionProperties) = preSolution
		HideSolutionNode = FALSE
	EndGlobalSection
	GlobalSection(ExtensibilityGlobals) = postSolution
		SolutionGuid = {3BCFABD2-CDC0-465D-AA54-E8BCAD072C3F}
	EndGlobalSection
EndGlobal
